{
  "name": "simple-server-node",
  "version": "1.0.0",
  "lockfileVersion": 1,
  "requires": true,
  "dependencies": {
    "node-dogstatsd": {
      "version": "0.0.7",
      "resolved": "https://registry.npmjs.org/node-dogstatsd/-/node-dogstatsd-0.0.7.tgz",
      "integrity": "sha1-VE0nTJGkE0JqLzxA/3uOiBPP2TA="
    }
  }
}
